<?xml version="1.0" encoding="utf-8"?>
<Project ToolsVersion="4.0" xmlns="http://schemas.microsoft.com/developer/msbuild/2003">
  <ItemGroup>
    <Filter Include="源文件">
      <UniqueIdentifier>{4FC737F1-C7A5-4376-A066-2A32D752A2FF}</UniqueIdentifier>
      <Extensions>cpp;c;cc;cxx;def;odl;idl;hpj;bat;asm;asmx</Extensions>
    </Filter>
    <Filter Include="头文件">
      <UniqueIdentifier>{93995380-89BD-4b04-88EB-625FBE52EBFB}</UniqueIdentifier>
      <Extensions>h;hh;hpp;hxx;hm;inl;inc;xsd</Extensions>
    </Filter>
    <Filter Include="资源文件">
      <UniqueIdentifier>{67DA6AB6-F800-4c08-8B7A-83BB121AAD01}</UniqueIdentifier>
      <Extensions>rc;ico;cur;bmp;dlg;rc2;rct;bin;rgs;gif;jpg;jpeg;jpe;resx;tiff;tif;png;wav;mfcribbon-ms</Extensions>
    </Filter>
  </ItemGroup>
  <ItemGroup>
    <ClCompile Include="str2Num.cpp">
      <Filter>源文件</Filter>
    </ClCompile>
    <ClCompile Include="findKth2Tail.cpp">
      <Filter>源文件</Filter>
    </ClCompile>
    <ClCompile Include="fibonacci.cpp">
      <Filter>源文件</Filter>
    </ClCompile>
    <ClCompile Include="userTypes.cpp">
      <Filter>源文件</Filter>
    </ClCompile>
    <ClCompile Include="main.cpp">
      <Filter>源文件</Filter>
    </ClCompile>
    <ClCompile Include="singleton.cpp">
      <Filter>源文件</Filter>
    </ClCompile>
    <ClCompile Include="findInPartiallySortedMatrix.cpp">
      <Filter>源文件</Filter>
    </ClCompile>
    <ClCompile Include="replaceBlank.cpp">
      <Filter>源文件</Filter>
    </ClCompile>
    <ClCompile Include="mergeSortedArray.cpp">
      <Filter>源文件</Filter>
    </ClCompile>
  </ItemGroup>
  <ItemGroup>
    <ClInclude Include="str2Num.h">
      <Filter>头文件</Filter>
    </ClInclude>
    <ClInclude Include="findKth2Tail.h">
      <Filter>头文件</Filter>
    </ClInclude>
    <ClInclude Include="listHp.h">
      <Filter>头文件</Filter>
    </ClInclude>
    <ClInclude Include="fibonacci.h">
      <Filter>头文件</Filter>
    </ClInclude>
    <ClInclude Include="userTypes.h">
      <Filter>头文件</Filter>
    </ClInclude>
    <ClInclude Include="singleton.h">
      <Filter>头文件</Filter>
    </ClInclude>
    <ClInclude Include="findInPartiallySortedMatrix.h">
      <Filter>头文件</Filter>
    </ClInclude>
    <ClInclude Include="replaceBlank.h">
      <Filter>头文件</Filter>
    </ClInclude>
    <ClInclude Include="mergeSortedArray.h">
      <Filter>头文件</Filter>
    </ClInclude>
  </ItemGroup>
  <ItemGroup>
    <Text Include="readme.txt">
      <Filter>资源文件</Filter>
    </Text>
  </ItemGroup>
</Project>